// !$*UTF8*$!
{
	archiveVersion = 1;
	classes = {
	};
	objectVersion = 46;
	objects = {

/* Begin PBXBuildFile section */
		0243146A1E776C0100FE87B2 /* Assets.xcassets in Resources */ = {isa = PBXBuildFile; fileRef = 024314691E776C0100FE87B2 /* Assets.xcassets */; };
		0243146C1E77733F00FE87B2 /* AboutViewController.swift in Sources */ = {isa = PBXBuildFile; fileRef = 0243146B1E77733F00FE87B2 /* AboutViewController.swift */; };
		026910DA1E7B6815003A3FAA /* AVUtil.swift in Sources */ = {isa = PBXBuildFile; fileRef = 026910D91E7B6815003A3FAA /* AVUtil.swift */; };
		026910DC1E7C3AAD003A3FAA /* SwiftUtil.swift in Sources */ = {isa = PBXBuildFile; fileRef = 026910DB1E7C3AAD003A3FAA /* SwiftUtil.swift */; };
		029844821E6F9B590054D943 /* MarkDatabase.swift in Sources */ = {isa = PBXBuildFile; fileRef = 029844811E6F9B590054D943 /* MarkDatabase.swift */; };
		02CCFCB71E856F7E0061F41D /* HelpViewController.swift in Sources */ = {isa = PBXBuildFile; fileRef = 02CCFCB61E856F7E0061F41D /* HelpViewController.swift */; };
		02CCFCB91E85714E0061F41D /* help.html in Resources */ = {isa = PBXBuildFile; fileRef = 02CCFCB81E85714E0061F41D /* help.html */; };
		02CCFCBB1E8572F90061F41D /* help.css in Resources */ = {isa = PBXBuildFile; fileRef = 02CCFCBA1E8572F90061F41D /* help.css */; };
		63178FDE1E61E03D007278A0 /* AppDelegate.swift in Sources */ = {isa = PBXBuildFile; fileRef = 63178FD61E61E03D007278A0 /* AppDelegate.swift */; };
		63178FDF1E61E03D007278A0 /* CaptureViewController.swift in Sources */ = {isa = PBXBuildFile; fileRef = 63178FD71E61E03D007278A0 /* CaptureViewController.swift */; };
		63178FE01E61E03D007278A0 /* CaptureVideoPreviewView.swift in Sources */ = {isa = PBXBuildFile; fileRef = 63178FD81E61E03D007278A0 /* CaptureVideoPreviewView.swift */; };
		63178FE11E61E03D007278A0 /* PlayerView.swift in Sources */ = {isa = PBXBuildFile; fileRef = 63178FDA1E61E03D007278A0 /* PlayerView.swift */; };
		63178FE21E61E03D007278A0 /* CaptureListViewController.swift in Sources */ = {isa = PBXBuildFile; fileRef = 63178FDB1E61E03D007278A0 /* CaptureListViewController.swift */; };
		63178FE31E61E03D007278A0 /* MarkViewController.swift in Sources */ = {isa = PBXBuildFile; fileRef = 63178FDC1E61E03D007278A0 /* MarkViewController.swift */; };
		63178FE41E61E03D007278A0 /* VideoManager.swift in Sources */ = {isa = PBXBuildFile; fileRef = 63178FDD1E61E03D007278A0 /* VideoManager.swift */; };
		639459221E61DBC600C00F0E /* IsItSnappyTests.swift in Sources */ = {isa = PBXBuildFile; fileRef = 639459211E61DBC600C00F0E /* IsItSnappyTests.swift */; };
		63A5F4C11E87788E002DFE4E /* Config.swift in Sources */ = {isa = PBXBuildFile; fileRef = 63A5F4C01E87788E002DFE4E /* Config.swift */; };
		63D4DE261E61E10200716F26 /* LaunchScreen.storyboard in Resources */ = {isa = PBXBuildFile; fileRef = 63D4DE221E61E10200716F26 /* LaunchScreen.storyboard */; };
		63D4DE271E61E10200716F26 /* Main.storyboard in Resources */ = {isa = PBXBuildFile; fileRef = 63D4DE241E61E10200716F26 /* Main.storyboard */; };
		63E2C8711E8647C500DF048A /* UIHitButton.swift in Sources */ = {isa = PBXBuildFile; fileRef = 63E2C8701E8647C500DF048A /* UIHitButton.swift */; };
/* End PBXBuildFile section */

/* Begin PBXContainerItemProxy section */
		6394591E1E61DBC600C00F0E /* PBXContainerItemProxy */ = {
			isa = PBXContainerItemProxy;
			containerPortal = 639459011E61DBC500C00F0E /* Project object */;
			proxyType = 1;
			remoteGlobalIDString = 639459081E61DBC500C00F0E;
			remoteInfo = IsItSnappy;
		};
/* End PBXContainerItemProxy section */

/* Begin PBXFileReference section */
		024314691E776C0100FE87B2 /* Assets.xcassets */ = {isa = PBXFileReference; lastKnownFileType = folder.assetcatalog; name = Assets.xcassets; path = src/Assets.xcassets; sourceTree = SOURCE_ROOT; };
		0243146B1E77733F00FE87B2 /* AboutViewController.swift */ = {isa = PBXFileReference; fileEncoding = 4; lastKnownFileType = sourcecode.swift; name = AboutViewController.swift; path = src/AboutViewController.swift; sourceTree = "<group>"; };
		026910D91E7B6815003A3FAA /* AVUtil.swift */ = {isa = PBXFileReference; fileEncoding = 4; lastKnownFileType = sourcecode.swift; name = AVUtil.swift; path = src/AVUtil.swift; sourceTree = "<group>"; };
		026910DB1E7C3AAD003A3FAA /* SwiftUtil.swift */ = {isa = PBXFileReference; fileEncoding = 4; lastKnownFileType = sourcecode.swift; name = SwiftUtil.swift; path = src/SwiftUtil.swift; sourceTree = "<group>"; };
		029844811E6F9B590054D943 /* MarkDatabase.swift */ = {isa = PBXFileReference; fileEncoding = 4; lastKnownFileType = sourcecode.swift; name = MarkDatabase.swift; path = src/MarkDatabase.swift; sourceTree = "<group>"; };
		02CCFCB61E856F7E0061F41D /* HelpViewController.swift */ = {isa = PBXFileReference; fileEncoding = 4; lastKnownFileType = sourcecode.swift; name = HelpViewController.swift; path = src/HelpViewController.swift; sourceTree = "<group>"; };
		02CCFCB81E85714E0061F41D /* help.html */ = {isa = PBXFileReference; fileEncoding = 4; lastKnownFileType = text.html; name = help.html; path = assets/help.html; sourceTree = SOURCE_ROOT; };
		02CCFCBA1E8572F90061F41D /* help.css */ = {isa = PBXFileReference; fileEncoding = 4; lastKnownFileType = text.css; name = help.css; path = assets/help.css; sourceTree = SOURCE_ROOT; };
		63178FD61E61E03D007278A0 /* AppDelegate.swift */ = {isa = PBXFileReference; fileEncoding = 4; lastKnownFileType = sourcecode.swift; name = AppDelegate.swift; path = src/AppDelegate.swift; sourceTree = "<group>"; };
		63178FD71E61E03D007278A0 /* CaptureViewController.swift */ = {isa = PBXFileReference; fileEncoding = 4; lastKnownFileType = sourcecode.swift; name = CaptureViewController.swift; path = src/CaptureViewController.swift; sourceTree = "<group>"; };
		63178FD81E61E03D007278A0 /* CaptureVideoPreviewView.swift */ = {isa = PBXFileReference; fileEncoding = 4; lastKnownFileType = sourcecode.swift; name = CaptureVideoPreviewView.swift; path = src/CaptureVideoPreviewView.swift; sourceTree = "<group>"; };
		63178FD91E61E03D007278A0 /* IsItSnappy-Bridging-Header.h */ = {isa = PBXFileReference; fileEncoding = 4; lastKnownFileType = sourcecode.c.h; name = "IsItSnappy-Bridging-Header.h"; path = "src/IsItSnappy-Bridging-Header.h"; sourceTree = "<group>"; };
		63178FDA1E61E03D007278A0 /* PlayerView.swift */ = {isa = PBXFileReference; fileEncoding = 4; lastKnownFileType = sourcecode.swift; name = PlayerView.swift; path = src/PlayerView.swift; sourceTree = "<group>"; };
		63178FDB1E61E03D007278A0 /* CaptureListViewController.swift */ = {isa = PBXFileReference; fileEncoding = 4; lastKnownFileType = sourcecode.swift; name = CaptureListViewController.swift; path = src/CaptureListViewController.swift; sourceTree = "<group>"; };
		63178FDC1E61E03D007278A0 /* MarkViewController.swift */ = {isa = PBXFileReference; fileEncoding = 4; lastKnownFileType = sourcecode.swift; name = MarkViewController.swift; path = src/MarkViewController.swift; sourceTree = "<group>"; };
		63178FDD1E61E03D007278A0 /* VideoManager.swift */ = {isa = PBXFileReference; fileEncoding = 4; lastKnownFileType = sourcecode.swift; name = VideoManager.swift; path = src/VideoManager.swift; sourceTree = "<group>"; };
		639459091E61DBC600C00F0E /* IsItSnappy.app */ = {isa = PBXFileReference; explicitFileType = wrapper.application; includeInIndex = 0; path = IsItSnappy.app; sourceTree = BUILT_PRODUCTS_DIR; };
		6394591D1E61DBC600C00F0E /* IsItSnappyTests.xctest */ = {isa = PBXFileReference; explicitFileType = wrapper.cfbundle; includeInIndex = 0; path = IsItSnappyTests.xctest; sourceTree = BUILT_PRODUCTS_DIR; };
		639459211E61DBC600C00F0E /* IsItSnappyTests.swift */ = {isa = PBXFileReference; lastKnownFileType = sourcecode.swift; path = IsItSnappyTests.swift; sourceTree = "<group>"; };
		639459231E61DBC600C00F0E /* Info.plist */ = {isa = PBXFileReference; lastKnownFileType = text.plist.xml; path = Info.plist; sourceTree = "<group>"; };
		63A5F4C01E87788E002DFE4E /* Config.swift */ = {isa = PBXFileReference; fileEncoding = 4; lastKnownFileType = sourcecode.swift; name = Config.swift; path = src/Config.swift; sourceTree = "<group>"; };
		63D4DE1E1E61E08600716F26 /* Info.plist */ = {isa = PBXFileReference; fileEncoding = 4; lastKnownFileType = text.plist.xml; name = Info.plist; path = src/Info.plist; sourceTree = SOURCE_ROOT; };
		63D4DE231E61E10200716F26 /* Base */ = {isa = PBXFileReference; lastKnownFileType = file.storyboard; name = Base; path = src/Base.lproj/LaunchScreen.storyboard; sourceTree = SOURCE_ROOT; };
		63D4DE251E61E10200716F26 /* Base */ = {isa = PBXFileReference; lastKnownFileType = file.storyboard; name = Base; path = src/Base.lproj/Main.storyboard; sourceTree = SOURCE_ROOT; };
		63E2C8701E8647C500DF048A /* UIHitButton.swift */ = {isa = PBXFileReference; fileEncoding = 4; lastKnownFileType = sourcecode.swift; name = UIHitButton.swift; path = src/UIHitButton.swift; sourceTree = "<group>"; };
/* End PBXFileReference section */

/* Begin PBXFrameworksBuildPhase section */
		639459061E61DBC500C00F0E /* Frameworks */ = {
			isa = PBXFrameworksBuildPhase;
			buildActionMask = 2147483647;
			files = (
			);
			runOnlyForDeploymentPostprocessing = 0;
		};
		6394591A1E61DBC600C00F0E /* Frameworks */ = {
			isa = PBXFrameworksBuildPhase;
			buildActionMask = 2147483647;
			files = (
			);
			runOnlyForDeploymentPostprocessing = 0;
		};
/* End PBXFrameworksBuildPhase section */

/* Begin PBXGroup section */
		63178FC01E61DD65007278A0 /* src */ = {
			isa = PBXGroup;
			children = (
				63A5F4C01E87788E002DFE4E /* Config.swift */,
				63178FD61E61E03D007278A0 /* AppDelegate.swift */,
				63178FDB1E61E03D007278A0 /* CaptureListViewController.swift */,
				63178FD71E61E03D007278A0 /* CaptureViewController.swift */,
				63178FDC1E61E03D007278A0 /* MarkViewController.swift */,
				63178FD81E61E03D007278A0 /* CaptureVideoPreviewView.swift */,
				0243146B1E77733F00FE87B2 /* AboutViewController.swift */,
				02CCFCB61E856F7E0061F41D /* HelpViewController.swift */,
				63178FDA1E61E03D007278A0 /* PlayerView.swift */,
				63178FDD1E61E03D007278A0 /* VideoManager.swift */,
				029844811E6F9B590054D943 /* MarkDatabase.swift */,
				63178FD91E61E03D007278A0 /* IsItSnappy-Bridging-Header.h */,
				026910D91E7B6815003A3FAA /* AVUtil.swift */,
				026910DB1E7C3AAD003A3FAA /* SwiftUtil.swift */,
				63E2C8701E8647C500DF048A /* UIHitButton.swift */,
			);
			name = src;
			sourceTree = "<group>";
		};
		639459001E61DBC500C00F0E = {
			isa = PBXGroup;
			children = (
				63178FC01E61DD65007278A0 /* src */,
				6394590B1E61DBC600C00F0E /* extra */,
				639459201E61DBC600C00F0E /* tests */,
				6394590A1E61DBC600C00F0E /* products */,
			);
			sourceTree = "<group>";
		};
		6394590A1E61DBC600C00F0E /* products */ = {
			isa = PBXGroup;
			children = (
				639459091E61DBC600C00F0E /* IsItSnappy.app */,
				6394591D1E61DBC600C00F0E /* IsItSnappyTests.xctest */,
			);
			name = products;
			sourceTree = "<group>";
		};
		6394590B1E61DBC600C00F0E /* extra */ = {
			isa = PBXGroup;
			children = (
				024314691E776C0100FE87B2 /* Assets.xcassets */,
				63D4DE221E61E10200716F26 /* LaunchScreen.storyboard */,
				63D4DE241E61E10200716F26 /* Main.storyboard */,
				63D4DE1E1E61E08600716F26 /* Info.plist */,
				02CCFCB81E85714E0061F41D /* help.html */,
				02CCFCBA1E8572F90061F41D /* help.css */,
			);
			name = extra;
			path = IsItSnappy;
			sourceTree = "<group>";
		};
		639459201E61DBC600C00F0E /* tests */ = {
			isa = PBXGroup;
			children = (
				639459211E61DBC600C00F0E /* IsItSnappyTests.swift */,
				639459231E61DBC600C00F0E /* Info.plist */,
			);
			name = tests;
			path = IsItSnappyTests;
			sourceTree = "<group>";
		};
/* End PBXGroup section */

/* Begin PBXNativeTarget section */
		639459081E61DBC500C00F0E /* IsItSnappy */ = {
			isa = PBXNativeTarget;
			buildConfigurationList = 639459261E61DBC600C00F0E /* Build configuration list for PBXNativeTarget "IsItSnappy" */;
			buildPhases = (
				639459051E61DBC500C00F0E /* Sources */,
				639459061E61DBC500C00F0E /* Frameworks */,
				639459071E61DBC500C00F0E /* Resources */,
			);
			buildRules = (
			);
			dependencies = (
			);
			name = IsItSnappy;
			productName = IsItSnappy;
			productReference = 639459091E61DBC600C00F0E /* IsItSnappy.app */;
			productType = "com.apple.product-type.application";
		};
		6394591C1E61DBC600C00F0E /* IsItSnappyTests */ = {
			isa = PBXNativeTarget;
			buildConfigurationList = 639459291E61DBC600C00F0E /* Build configuration list for PBXNativeTarget "IsItSnappyTests" */;
			buildPhases = (
				639459191E61DBC600C00F0E /* Sources */,
				6394591A1E61DBC600C00F0E /* Frameworks */,
				6394591B1E61DBC600C00F0E /* Resources */,
			);
			buildRules = (
			);
			dependencies = (
				6394591F1E61DBC600C00F0E /* PBXTargetDependency */,
			);
			name = IsItSnappyTests;
			productName = IsItSnappyTests;
			productReference = 6394591D1E61DBC600C00F0E /* IsItSnappyTests.xctest */;
			productType = "com.apple.product-type.bundle.unit-test";
		};
/* End PBXNativeTarget section */

/* Begin PBXProject section */
		639459011E61DBC500C00F0E /* Project object */ = {
			isa = PBXProject;
			attributes = {
				LastSwiftUpdateCheck = 0820;
				LastUpgradeCheck = 1030;
				ORGANIZATIONNAME = "Chad Austin";
				TargetAttributes = {
					639459081E61DBC500C00F0E = {
						CreatedOnToolsVersion = 8.2.1;
						DevelopmentTeam = 9A8N5FBX5L;
						LastSwiftMigration = 1030;
						ProvisioningStyle = Manual;
					};
					6394591C1E61DBC600C00F0E = {
						CreatedOnToolsVersion = 8.2.1;
						DevelopmentTeam = 9A8N5FBX5L;
						LastSwiftMigration = 1030;
						ProvisioningStyle = Manual;
						TestTargetID = 639459081E61DBC500C00F0E;
					};
				};
			};
			buildConfigurationList = 639459041E61DBC500C00F0E /* Build configuration list for PBXProject "IsItSnappy" */;
			compatibilityVersion = "Xcode 3.2";
			developmentRegion = en;
			hasScannedForEncodings = 0;
			knownRegions = (
				en,
				Base,
			);
			mainGroup = 639459001E61DBC500C00F0E;
			productRefGroup = 6394590A1E61DBC600C00F0E /* products */;
			projectDirPath = "";
			projectRoot = "";
			targets = (
				639459081E61DBC500C00F0E /* IsItSnappy */,
				6394591C1E61DBC600C00F0E /* IsItSnappyTests */,
			);
		};
/* End PBXProject section */

/* Begin PBXResourcesBuildPhase section */
		639459071E61DBC500C00F0E /* Resources */ = {
			isa = PBXResourcesBuildPhase;
			buildActionMask = 2147483647;
			files = (
				63D4DE261E61E10200716F26 /* LaunchScreen.storyboard in Resources */,
				02CCFCBB1E8572F90061F41D /* help.css in Resources */,
				0243146A1E776C0100FE87B2 /* Assets.xcassets in Resources */,
				63D4DE271E61E10200716F26 /* Main.storyboard in Resources */,
				02CCFCB91E85714E0061F41D /* help.html in Resources */,
			);
			runOnlyForDeploymentPostprocessing = 0;
		};
		6394591B1E61DBC600C00F0E /* Resources */ = {
			isa = PBXResourcesBuildPhase;
			buildActionMask = 2147483647;
			files = (
			);
			runOnlyForDeploymentPostprocessing = 0;
		};
/* End PBXResourcesBuildPhase section */

/* Begin PBXSourcesBuildPhase section */
		639459051E61DBC500C00F0E /* Sources */ = {
			isa = PBXSourcesBuildPhase;
			buildActionMask = 2147483647;
			files = (
				63178FE21E61E03D007278A0 /* CaptureListViewController.swift in Sources */,
				63178FDE1E61E03D007278A0 /* AppDelegate.swift in Sources */,
				63E2C8711E8647C500DF048A /* UIHitButton.swift in Sources */,
				63A5F4C11E87788E002DFE4E /* Config.swift in Sources */,
				63178FDF1E61E03D007278A0 /* CaptureViewController.swift in Sources */,
				0243146C1E77733F00FE87B2 /* AboutViewController.swift in Sources */,
				63178FE41E61E03D007278A0 /* VideoManager.swift in Sources */,
				63178FE01E61E03D007278A0 /* CaptureVideoPreviewView.swift in Sources */,
				029844821E6F9B590054D943 /* MarkDatabase.swift in Sources */,
				02CCFCB71E856F7E0061F41D /* HelpViewController.swift in Sources */,
				026910DC1E7C3AAD003A3FAA /* SwiftUtil.swift in Sources */,
				63178FE31E61E03D007278A0 /* MarkViewController.swift in Sources */,
				026910DA1E7B6815003A3FAA /* AVUtil.swift in Sources */,
				63178FE11E61E03D007278A0 /* PlayerView.swift in Sources */,
			);
			runOnlyForDeploymentPostprocessing = 0;
		};
		639459191E61DBC600C00F0E /* Sources */ = {
			isa = PBXSourcesBuildPhase;
			buildActionMask = 2147483647;
			files = (
				639459221E61DBC600C00F0E /* IsItSnappyTests.swift in Sources */,
			);
			runOnlyForDeploymentPostprocessing = 0;
		};
/* End PBXSourcesBuildPhase section */

/* Begin PBXTargetDependency section */
		6394591F1E61DBC600C00F0E /* PBXTargetDependency */ = {
			isa = PBXTargetDependency;
			target = 639459081E61DBC500C00F0E /* IsItSnappy */;
			targetProxy = 6394591E1E61DBC600C00F0E /* PBXContainerItemProxy */;
		};
/* End PBXTargetDependency section */

/* Begin PBXVariantGroup section */
		63D4DE221E61E10200716F26 /* LaunchScreen.storyboard */ = {
			isa = PBXVariantGroup;
			children = (
				63D4DE231E61E10200716F26 /* Base */,
			);
			name = LaunchScreen.storyboard;
			sourceTree = "<group>";
		};
		63D4DE241E61E10200716F26 /* Main.storyboard */ = {
			isa = PBXVariantGroup;
			children = (
				63D4DE251E61E10200716F26 /* Base */,
			);
			name = Main.storyboard;
			sourceTree = "<group>";
		};
/* End PBXVariantGroup section */

/* Begin XCBuildConfiguration section */
		639459241E61DBC600C00F0E /* Debug */ = {
			isa = XCBuildConfiguration;
			buildSettings = {
				ALWAYS_SEARCH_USER_PATHS = NO;
				CLANG_ANALYZER_NONNULL = YES;
				CLANG_CXX_LANGUAGE_STANDARD = "gnu++0x";
				CLANG_CXX_LIBRARY = "libc++";
				CLANG_ENABLE_MODULES = YES;
				CLANG_ENABLE_OBJC_ARC = YES;
				CLANG_WARN_BLOCK_CAPTURE_AUTORELEASING = YES;
				CLANG_WARN_BOOL_CONVERSION = YES;
				CLANG_WARN_COMMA = YES;
				CLANG_WARN_CONSTANT_CONVERSION = YES;
				CLANG_WARN_DEPRECATED_OBJC_IMPLEMENTATIONS = YES;
				CLANG_WARN_DIRECT_OBJC_ISA_USAGE = YES_ERROR;
				CLANG_WARN_DOCUMENTATION_COMMENTS = YES;
				CLANG_WARN_EMPTY_BODY = YES;
				CLANG_WARN_ENUM_CONVERSION = YES;
				CLANG_WARN_INFINITE_RECURSION = YES;
				CLANG_WARN_INT_CONVERSION = YES;
				CLANG_WARN_NON_LITERAL_NULL_CONVERSION = YES;
				CLANG_WARN_OBJC_IMPLICIT_RETAIN_SELF = YES;
				CLANG_WARN_OBJC_LITERAL_CONVERSION = YES;
				CLANG_WARN_OBJC_ROOT_CLASS = YES_ERROR;
				CLANG_WARN_RANGE_LOOP_ANALYSIS = YES;
				CLANG_WARN_STRICT_PROTOTYPES = YES;
				CLANG_WARN_SUSPICIOUS_MOVE = YES;
				CLANG_WARN_UNREACHABLE_CODE = YES;
				CLANG_WARN__DUPLICATE_METHOD_MATCH = YES;
				"CODE_SIGN_IDENTITY[sdk=iphoneos*]" = "iPhone Developer";
				COPY_PHASE_STRIP = NO;
				DEBUG_INFORMATION_FORMAT = dwarf;
				ENABLE_STRICT_OBJC_MSGSEND = YES;
				ENABLE_TESTABILITY = YES;
				GCC_C_LANGUAGE_STANDARD = gnu99;
				GCC_DYNAMIC_NO_PIC = NO;
				GCC_NO_COMMON_BLOCKS = YES;
				GCC_OPTIMIZATION_LEVEL = 0;
				GCC_PREPROCESSOR_DEFINITIONS = (
					"DEBUG=1",
					"$(inherited)",
				);
				GCC_WARN_64_TO_32_BIT_CONVERSION = YES;
				GCC_WARN_ABOUT_RETURN_TYPE = YES_ERROR;
				GCC_WARN_UNDECLARED_SELECTOR = YES;
				GCC_WARN_UNINITIALIZED_AUTOS = YES_AGGRESSIVE;
				GCC_WARN_UNUSED_FUNCTION = YES;
				GCC_WARN_UNUSED_VARIABLE = YES;
				IPHONEOS_DEPLOYMENT_TARGET = 13.0;
				MTL_ENABLE_DEBUG_INFO = YES;
				ONLY_ACTIVE_ARCH = YES;
				SDKROOT = iphoneos;
				SWIFT_ACTIVE_COMPILATION_CONDITIONS = DEBUG;
				SWIFT_OPTIMIZATION_LEVEL = "-Onone";
				TARGETED_DEVICE_FAMILY = "1,2";
			};
			name = Debug;
		};
		639459251E61DBC600C00F0E /* Release */ = {
			isa = XCBuildConfiguration;
			buildSettings = {
				ALWAYS_SEARCH_USER_PATHS = NO;
				CLANG_ANALYZER_NONNULL = YES;
				CLANG_CXX_LANGUAGE_STANDARD = "gnu++0x";
				CLANG_CXX_LIBRARY = "libc++";
				CLANG_ENABLE_MODULES = YES;
				CLANG_ENABLE_OBJC_ARC = YES;
				CLANG_WARN_BLOCK_CAPTURE_AUTORELEASING = YES;
				CLANG_WARN_BOOL_CONVERSION = YES;
				CLANG_WARN_COMMA = YES;
				CLANG_WARN_CONSTANT_CONVERSION = YES;
				CLANG_WARN_DEPRECATED_OBJC_IMPLEMENTATIONS = YES;
				CLANG_WARN_DIRECT_OBJC_ISA_USAGE = YES_ERROR;
				CLANG_WARN_DOCUMENTATION_COMMENTS = YES;
				CLANG_WARN_EMPTY_BODY = YES;
				CLANG_WARN_ENUM_CONVERSION = YES;
				CLANG_WARN_INFINITE_RECURSION = YES;
				CLANG_WARN_INT_CONVERSION = YES;
				CLANG_WARN_NON_LITERAL_NULL_CONVERSION = YES;
				CLANG_WARN_OBJC_IMPLICIT_RETAIN_SELF = YES;
				CLANG_WARN_OBJC_LITERAL_CONVERSION = YES;
				CLANG_WARN_OBJC_ROOT_CLASS = YES_ERROR;
				CLANG_WARN_RANGE_LOOP_ANALYSIS = YES;
				CLANG_WARN_STRICT_PROTOTYPES = YES;
				CLANG_WARN_SUSPICIOUS_MOVE = YES;
				CLANG_WARN_UNREACHABLE_CODE = YES;
				CLANG_WARN__DUPLICATE_METHOD_MATCH = YES;
				"CODE_SIGN_IDENTITY[sdk=iphoneos*]" = "iPhone Developer";
				COPY_PHASE_STRIP = NO;
				DEBUG_INFORMATION_FORMAT = "dwarf-with-dsym";
				ENABLE_NS_ASSERTIONS = NO;
				ENABLE_STRICT_OBJC_MSGSEND = YES;
				GCC_C_LANGUAGE_STANDARD = gnu99;
				GCC_NO_COMMON_BLOCKS = YES;
				GCC_WARN_64_TO_32_BIT_CONVERSION = YES;
				GCC_WARN_ABOUT_RETURN_TYPE = YES_ERROR;
				GCC_WARN_UNDECLARED_SELECTOR = YES;
				GCC_WARN_UNINITIALIZED_AUTOS = YES_AGGRESSIVE;
				GCC_WARN_UNUSED_FUNCTION = YES;
				GCC_WARN_UNUSED_VARIABLE = YES;
				IPHONEOS_DEPLOYMENT_TARGET = 13.0;
				MTL_ENABLE_DEBUG_INFO = NO;
				SDKROOT = iphoneos;
				SWIFT_OPTIMIZATION_LEVEL = "-Owholemodule";
				TARGETED_DEVICE_FAMILY = "1,2";
				VALIDATE_PRODUCT = YES;
			};
			name = Release;
		};
		639459271E61DBC600C00F0E /* Debug */ = {
			isa = XCBuildConfiguration;
			buildSettings = {
				ASSETCATALOG_COMPILER_APPICON_NAME = AppIcon;
				CLANG_ENABLE_MODULES = YES;
				"CODE_SIGN_IDENTITY[sdk=iphoneos*]" = "iPhone Developer";
				CURRENT_PROJECT_VERSION = 4;
				DEVELOPMENT_TEAM = 9A8N5FBX5L;
				INFOPLIST_FILE = src/Info.plist;
				LD_RUNPATH_SEARCH_PATHS = "$(inherited) @executable_path/Frameworks";
				MARKETING_VERSION = 1.0.5;
				PRODUCT_BUNDLE_IDENTIFIER = "me.chadaustin.is-it-snappy";
				PRODUCT_NAME = "$(TARGET_NAME)";
				PROVISIONING_PROFILE = "d9c7ed57-abc6-46ad-a5e5-169beff07d63";
				PROVISIONING_PROFILE_SPECIFIER = "Is It Snappy Development 2";
				SWIFT_OBJC_BRIDGING_HEADER = "src/IsItSnappy-Bridging-Header.h";
				SWIFT_OPTIMIZATION_LEVEL = "-Onone";
				SWIFT_VERSION = 5.0;
			};
			name = Debug;
		};
		639459281E61DBC600C00F0E /* Release */ = {
			isa = XCBuildConfiguration;
			buildSettings = {
				ASSETCATALOG_COMPILER_APPICON_NAME = AppIcon;
				CLANG_ENABLE_MODULES = YES;
				"CODE_SIGN_IDENTITY[sdk=iphoneos*]" = "iPhone Distribution";
				CURRENT_PROJECT_VERSION = 4;
				DEVELOPMENT_TEAM = 9A8N5FBX5L;
				INFOPLIST_FILE = src/Info.plist;
				LD_RUNPATH_SEARCH_PATHS = "$(inherited) @executable_path/Frameworks";
				MARKETING_VERSION = 1.0.5;
				PRODUCT_BUNDLE_IDENTIFIER = "me.chadaustin.is-it-snappy";
				PRODUCT_NAME = "$(TARGET_NAME)";
				PROVISIONING_PROFILE = "f2cb1b99-6b6a-4369-aaaf-725302c71db3";
				PROVISIONING_PROFILE_SPECIFIER = "Is It Snappy Distribution 2";
				SWIFT_OBJC_BRIDGING_HEADER = "src/IsItSnappy-Bridging-Header.h";
				SWIFT_VERSION = 5.0;
			};
			name = Release;
		};
		6394592A1E61DBC600C00F0E /* Debug */ = {
			isa = XCBuildConfiguration;
			buildSettings = {
				ALWAYS_EMBED_SWIFT_STANDARD_LIBRARIES = YES;
				BUNDLE_LOADER = "$(TEST_HOST)";
				CODE_SIGN_STYLE = Manual;
				DEVELOPMENT_TEAM = 9A8N5FBX5L;
				INFOPLIST_FILE = IsItSnappyTests/Info.plist;
				LD_RUNPATH_SEARCH_PATHS = "$(inherited) @executable_path/Frameworks @loader_path/Frameworks";
				PRODUCT_BUNDLE_IDENTIFIER = me.chadaustin.IsItSnappyTests;
				PRODUCT_NAME = "$(TARGET_NAME)";
				PROVISIONING_PROFILE_SPECIFIER = "";
				SWIFT_VERSION = 5.0;
				TEST_HOST = "$(BUILT_PRODUCTS_DIR)/IsItSnappy.app/IsItSnappy";
			};
			name = Debug;
		};
		6394592B1E61DBC600C00F0E /* Release */ = {
			isa = XCBuildConfiguration;
			buildSettings = {
				ALWAYS_EMBED_SWIFT_STANDARD_LIBRARIES = YES;
				BUNDLE_LOADER = "$(TEST_HOST)";
				"CODE_SIGN_IDENTITY[sdk=iphoneos*]" = "iPhone Distribution";
				CODE_SIGN_STYLE = Manual;
				DEVELOPMENT_TEAM = 9A8N5FBX5L;
				INFOPLIST_FILE = IsItSnappyTests/Info.plist;
				LD_RUNPATH_SEARCH_PATHS = "$(inherited) @executable_path/Frameworks @loader_path/Frameworks";
				PRODUCT_BUNDLE_IDENTIFIER = me.chadaustin.IsItSnappyTests;
				PRODUCT_NAME = "$(TARGET_NAME)";
				PROVISIONING_PROFILE_SPECIFIER = "";
				SWIFT_VERSION = 5.0;
				TEST_HOST = "$(BUILT_PRODUCTS_DIR)/IsItSnappy.app/IsItSnappy";
			};
			name = Release;
		};
/* End XCBuildConfiguration section */

/* Begin XCConfigurationList section */
		639459041E61DBC500C00F0E /* Build configuration list for PBXProject "IsItSnappy" */ = {
			isa = XCConfigurationList;
			buildConfigurations = (
				639459241E61DBC600C00F0E /* Debug */,
				639459251E61DBC600C00F0E /* Release */,
			);
			defaultConfigurationIsVisible = 0;
			defaultConfigurationName = Release;
		};
		639459261E61DBC600C00F0E /* Build configuration list for PBXNativeTarget "IsItSnappy" */ = {
			isa = XCConfigurationList;
			buildConfigurations = (
				639459271E61DBC600C00F0E /* Debug */,
				639459281E61DBC600C00F0E /* Release */,
			);
			defaultConfigurationIsVisible = 0;
			defaultConfigurationName = Release;
		};
		639459291E61DBC600C00F0E /* Build configuration list for PBXNativeTarget "IsItSnappyTests" */ = {
			isa = XCConfigurationList;
			buildConfigurations = (
				6394592A1E61DBC600C00F0E /* Debug */,
				6394592B1E61DBC600C00F0E /* Release */,
			);
			defaultConfigurationIsVisible = 0;
			defaultConfigurationName = Release;
		};
/* End XCConfigurationList section */
	};
	rootObject = 639459011E61DBC500C00F0E /* Project object */;
}
